# This file is automatically @generated by Cargo.
# It is not intended for manual editing.
version = 3

[[package]]
name = "jxl-bitstream"
version = "0.1.0"

[[package]]
name = "jxl-coding"
version = "0.1.0"
dependencies = [
 "jxl-bitstream",
]

[[package]]
name = "jxl-info"
version = "0.1.0"
dependencies = [
 "jxl-bitstream",
 "jxl-coding",
]
